PODS:
  - QSKitLibrary (0.1.0):
    - SnapKit (~> 5.6.0)
  - SnapKit (5.6.0)

DEPENDENCIES:
  - QSKitLibrary (from `../`)

SPEC REPOS:
  trunk:
    - SnapKit

EXTERNAL SOURCES:
  QSKitLibrary:
    :path: "../"

SPEC CHECKSUMS:
  QSKitLibrary: 03d97cf5c9b6d3f1a1b93f7a6f0ae9be4765c7c7
  SnapKit: e01d52ebb8ddbc333eefe2132acf85c8227d9c25

PODFILE CHECKSUM: f03039a0af4935a11acbdf163283235fecef8455

COCOAPODS: 1.11.3
